{
    "_meta": {
        "hash": {
            "sha256": "0d36026ccca5f425594fc02c903f9e0851e6736a7d517b7489f25608a8e35632"
        },
        "pipfile-spec": 6,
        "requires": {
            "python_version": "3.8"
        },
        "sources": [
            {
                "name": "pypi",
                "url": "https://pypi.org/simple",
                "verify_ssl": true
            }
        ]
    },
    "default": {
        "audioread": {
            "hashes": [
                "sha256:073904fabc842881e07bd3e4a5776623535562f70b1655b635d22886168dd168"
            ],
            "version": "==2.1.8"
        },
        "cffi": {
            "hashes": [
                "sha256:001bf3242a1bb04d985d63e138230802c6c8d4db3668fb545fb5005ddf5bb5ff",
                "sha256:00789914be39dffba161cfc5be31b55775de5ba2235fe49aa28c148236c4e06b",
                "sha256:028a579fc9aed3af38f4892bdcc7390508adabc30c6af4a6e4f611b0c680e6ac",
                "sha256:14491a910663bf9f13ddf2bc8f60562d6bc5315c1f09c704937ef17293fb85b0",
                "sha256:1cae98a7054b5c9391eb3249b86e0e99ab1e02bb0cc0575da191aedadbdf4384",
                "sha256:2089ed025da3919d2e75a4d963d008330c96751127dd6f73c8dc0c65041b4c26",
                "sha256:2d384f4a127a15ba701207f7639d94106693b6cd64173d6c8988e2c25f3ac2b6",
                "sha256:337d448e5a725bba2d8293c48d9353fc68d0e9e4088d62a9571def317797522b",
                "sha256:399aed636c7d3749bbed55bc907c3288cb43c65c4389964ad5ff849b6370603e",
                "sha256:3b911c2dbd4f423b4c4fcca138cadde747abdb20d196c4a48708b8a2d32b16dd",
                "sha256:3d311bcc4a41408cf5854f06ef2c5cab88f9fded37a3b95936c9879c1640d4c2",
                "sha256:62ae9af2d069ea2698bf536dcfe1e4eed9090211dbaafeeedf5cb6c41b352f66",
                "sha256:66e41db66b47d0d8672d8ed2708ba91b2f2524ece3dee48b5dfb36be8c2f21dc",
                "sha256:675686925a9fb403edba0114db74e741d8181683dcf216be697d208857e04ca8",
                "sha256:7e63cbcf2429a8dbfe48dcc2322d5f2220b77b2e17b7ba023d6166d84655da55",
                "sha256:8a6c688fefb4e1cd56feb6c511984a6c4f7ec7d2a1ff31a10254f3c817054ae4",
                "sha256:8c0ffc886aea5df6a1762d0019e9cb05f825d0eec1f520c51be9d198701daee5",
                "sha256:95cd16d3dee553f882540c1ffe331d085c9e629499ceadfbda4d4fde635f4b7d",
                "sha256:99f748a7e71ff382613b4e1acc0ac83bf7ad167fb3802e35e90d9763daba4d78",
                "sha256:b8c78301cefcf5fd914aad35d3c04c2b21ce8629b5e4f4e45ae6812e461910fa",
                "sha256:c420917b188a5582a56d8b93bdd8e0f6eca08c84ff623a4c16e809152cd35793",
                "sha256:c43866529f2f06fe0edc6246eb4faa34f03fe88b64a0a9a942561c8e22f4b71f",
                "sha256:cab50b8c2250b46fe738c77dbd25ce017d5e6fb35d3407606e7a4180656a5a6a",
                "sha256:cef128cb4d5e0b3493f058f10ce32365972c554572ff821e175dbc6f8ff6924f",
                "sha256:cf16e3cf6c0a5fdd9bc10c21687e19d29ad1fe863372b5543deaec1039581a30",
                "sha256:e56c744aa6ff427a607763346e4170629caf7e48ead6921745986db3692f987f",
                "sha256:e577934fc5f8779c554639376beeaa5657d54349096ef24abe8c74c5d9c117c3",
                "sha256:f2b0fa0c01d8a0c7483afd9f31d7ecf2d71760ca24499c8697aeb5ca37dc090c"
            ],
            "version": "==1.14.0"
        },
        "decorator": {
            "hashes": [
                "sha256:41fa54c2a0cc4ba648be4fd43cff00aedf5b9465c9bf18d64325bc225f08f760",
                "sha256:e3a62f0520172440ca0dcc823749319382e377f37f140a0b99ef45fecb84bfe7"
            ],
            "version": "==4.4.2"
        },
        "joblib": {
            "hashes": [
                "sha256:8f52bf24c64b608bf0b2563e0e47d6fcf516abc8cfafe10cfd98ad66d94f92d6",
                "sha256:d348c5d4ae31496b2aa060d6d9b787864dd204f9480baaa52d18850cb43e9f49"
            ],
            "markers": "python_version >= '3.6'",
            "version": "==0.16.0"
        },
        "keyboard": {
            "hashes": [
                "sha256:63ed83305955939ca5c9a73755e5cc43e8242263f5ad5fd3bb7e0b032f3d308b",
                "sha256:8e9c2422f1217e0bd84489b9ecd361027cc78415828f4fe4f88dd4acd587947b"
            ],
            "index": "pypi",
            "version": "==0.13.5"
        },
        "librosa": {
            "hashes": [
                "sha256:656bbda80e98e6330db1ead79cd084b13a762284834d7603fcf7cf7c0dc65f3c"
            ],
            "index": "pypi",
            "version": "==0.7.2"
        },
        "llvmlite": {
            "hashes": [
                "sha256:03f5557f9e52bbaeca60a2e89ae71ca907e2f19a03f75fea73d9d5bbf619654e",
                "sha256:1a31702cc1383893a4c3d8103226207399848aaa4d16633051d0a25d78cfc726",
                "sha256:2e83ca852d002d768523251719865223eae693bdf012720eccd0af95aee798b5",
                "sha256:37b0da8df72d575d57e930efdd8e257c72bb9ceb722403483349fbdb5cadb726",
                "sha256:4eeb747c5c8acb7bafb42ae7a69cf95ed21b26d54e7165bc8468f9e9c8a1ed5e",
                "sha256:53981cde265b2dd489b0efccd2e456ac72b849d46a91a4b6f89b0267488edece",
                "sha256:5d4f8433df3bdb5e008b9766aa6de5854f5c5b29314037d301c92ca12bfb7f1a",
                "sha256:5f181a0aae3367787291cdfd07b703ddbb8b08f394fad64d555db7ea217d0f24",
                "sha256:89b9458b1e1c9b3adb48695ba1bf266dffc7cb381265839113eda5a6102e731d",
                "sha256:9c8aae96f7fba10d9ac864b443d1e8c7ee4765c31569a2b201b3d0b67d8fc596",
                "sha256:b9ffc8a7c44f1726330ad8a6bc97272728212ef0667105259c26396e94a76fbd",
                "sha256:c2b71b560555b9ddbdb50425bbecfb1df2d5153c1b0db47e2d23286deb1c3753",
                "sha256:c5a09728fb98336dd3d0f96aafadb2e3b4ccc3214804f71a02afb9ae40cfcd91",
                "sha256:cc4b5564c644ba438cf2616de4731766d093199299d9c7573f6fe8aa5b2c07c3",
                "sha256:f74e8ae96cb82622f17cad04048f8565a906377d61df31bcb7c82038144aded1",
                "sha256:ff7145e263cccb82e93ec88b30e55b7705ce40cde3bd86de26e83e22734b0632"
            ],
            "markers": "python_version >= '3.6'",
            "version": "==0.33.0"
        },
        "numba": {
            "hashes": [
                "sha256:24852c21fbf7edf9e000eeec9fbd1b24d1ca17c86ae449b06a3707bcdec95479",
                "sha256:2e17eadf3c5c3cae525ce6d1a71d021dd67a980ce766484a68018d3c7d7cfcab",
                "sha256:38146c10f8457705e74e2e02f0d0d339f4a5143b92cccaa1ef18ae240bcdae4f",
                "sha256:3a4114dc1b9af491235ce30517913afe0a0a226117a924e7361d626f55e0e054",
                "sha256:404809fca5fd71b20096a6eea201c5bcf5255337818d3939f1631ba190a06d1f",
                "sha256:44407fd45655d887b3bb12b9282c0d994c2e7d59ba537e7429349403de6eb8c0",
                "sha256:5848d6bc5604664823a1681b17eb934147b24cfcb4df672be33315ff3f9f7afe",
                "sha256:5caf68ac45eddafc6c4275cc8bae67bdbc246536284821f7894c5a8fabb0c132",
                "sha256:753f400038e74b685ef21edf8218c524a782c269819e074c83fa241e6c6cde0e",
                "sha256:77eba26deda636cf67c1554e2af70063a603b952e181f0570caa3ff1f101c950",
                "sha256:89e81b51b880f9b18c82b7095beaccc6856fcf84ba29c4f0ced42e4e5748a3a7",
                "sha256:925580ec493370206abe9143f96a3e843a1982dbae2f33151a71614ab9aca39d",
                "sha256:943ddf7192a90823485028039cdef5358fddd0f55922c6ab46fe6b74b7335f16",
                "sha256:c98b09d78144da2e5b8c7b690f80d12076a6b8e9af6e3c7f772a08cf04821cc1",
                "sha256:d42e0bdfdb920db7cfc68d49908aba25f51789a9b2497dc4dc889d8df234691d",
                "sha256:d9a8089b9c6905fab7465700caf27757fc32b8011df9c4ea48a261cdb58c1dad",
                "sha256:ddc73deb0637699df4ed678f48d1d73f9397e86b134f6f47868c823241578706",
                "sha256:df5217e05e5612f4df7033a1588b9e55c76dead00faf40ed168f1c62b21d64ad",
                "sha256:e4c0abd4c75b3da824d9601989d97666db6e94011e26e83eb78ac8e723224460"
            ],
            "markers": "python_version >= '3.6'",
            "version": "==0.50.1"
        },
        "numpy": {
            "hashes": [
                "sha256:13af0184177469192d80db9bd02619f6fa8b922f9f327e077d6f2a6acb1ce1c0",
                "sha256:26a45798ca2a4e168d00de75d4a524abf5907949231512f372b217ede3429e98",
                "sha256:26f509450db547e4dfa3ec739419b31edad646d21fb8d0ed0734188b35ff6b27",
                "sha256:30a59fb41bb6b8c465ab50d60a1b298d1cd7b85274e71f38af5a75d6c475d2d2",
                "sha256:33c623ef9ca5e19e05991f127c1be5aeb1ab5cdf30cb1c5cf3960752e58b599b",
                "sha256:356f96c9fbec59974a592452ab6a036cd6f180822a60b529a975c9467fcd5f23",
                "sha256:3c40c827d36c6d1c3cf413694d7dc843d50997ebffbc7c87d888a203ed6403a7",
                "sha256:4d054f013a1983551254e2379385e359884e5af105e3efe00418977d02f634a7",
                "sha256:63d971bb211ad3ca37b2adecdd5365f40f3b741a455beecba70fd0dde8b2a4cb",
                "sha256:658624a11f6e1c252b2cd170d94bf28c8f9410acab9f2fd4369e11e1cd4e1aaf",
                "sha256:76766cc80d6128750075378d3bb7812cf146415bd29b588616f72c943c00d598",
                "sha256:7b57f26e5e6ee2f14f960db46bd58ffdca25ca06dd997729b1b179fddd35f5a3",
                "sha256:7b852817800eb02e109ae4a9cef2beda8dd50d98b76b6cfb7b5c0099d27b52d4",
                "sha256:8cde829f14bd38f6da7b2954be0f2837043e8b8d7a9110ec5e318ae6bf706610",
                "sha256:a2e3a39f43f0ce95204beb8fe0831199542ccab1e0c6e486a0b4947256215632",
                "sha256:a86c962e211f37edd61d6e11bb4df7eddc4a519a38a856e20a6498c319efa6b0",
                "sha256:a8705c5073fe3fcc297fb8e0b31aa794e05af6a329e81b7ca4ffecab7f2b95ef",
                "sha256:b6aaeadf1e4866ca0fdf7bb4eed25e521ae21a7947c59f78154b24fc7abbe1dd",
                "sha256:be62aeff8f2f054eff7725f502f6228298891fd648dc2630e03e44bf63e8cee0",
                "sha256:c2edbb783c841e36ca0fa159f0ae97a88ce8137fb3a6cd82eae77349ba4b607b",
                "sha256:cbe326f6d364375a8e5a8ccb7e9cd73f4b2f6dc3b2ed205633a0db8243e2a96a",
                "sha256:d34fbb98ad0d6b563b95de852a284074514331e6b9da0a9fc894fb1cdae7a79e",
                "sha256:d97a86937cf9970453c3b62abb55a6475f173347b4cde7f8dcdb48c8e1b9952d",
                "sha256:dd53d7c4a69e766e4900f29db5872f5824a06827d594427cf1a4aa542818b796",
                "sha256:df1889701e2dfd8ba4dc9b1a010f0a60950077fb5242bb92c8b5c7f1a6f2668a",
                "sha256:fa1fe75b4a9e18b66ae7f0b122543c42debcf800aaafa0212aaff3ad273c2596"
            ],
            "markers": "python_version >= '3.6'",
            "version": "==1.19.0"
        },
        "pyaudio": {
            "hashes": [
                "sha256:0d92f6a294565260a282f7c9a0b0d309fc8cc988b5ee5b50645634ab9e2da7f7",
                "sha256:259bb9c1363be895b4f9a97e320a6017dd06bc540728c1a04eb4a7b6fe75035b",
                "sha256:2a19bdb8ec1445b4f3e4b7b109e0e4cec1fd1f1ce588592aeb6db0b58d4fb3b0",
                "sha256:51b558d1b28c68437b53218279110db44f69f3f5dd3d81859f569a4a96962bdc",
                "sha256:589bfad2c615dd4b5d3757e763019c42ab82f06fba5cae64ec02fd7f5ae407ed",
                "sha256:8f89075b4844ea94dde0c951c2937581c989fabd4df09bfd3f075035f50955df",
                "sha256:93bfde30e0b64e63a46f2fd77e85c41fd51182a4a3413d9edfaf9ffaa26efb74",
                "sha256:cf1543ba50bd44ac0d0ab5c035bb9c3127eb76047ff12235149d9adf86f532b6",
                "sha256:d9a83a432efbe8a49f561e5ddf5bfc40e9f475386eed395e22ab3d7ff980a3f6",
                "sha256:f78d543a98b730e64621ebf7f3e2868a79ade0a373882ef51c0293455ffa8e6e"
            ],
            "markers": "sys_platform == 'win32'",
            "path": "./PyAudio-0.2.11-cp38-cp38-win_amd64.whl",
            "version": "==0.2.11"
        },
        "pycparser": {
            "hashes": [
                "sha256:2d475327684562c3a96cc71adf7dc8c4f0565175cf86b6d7a404ff4c771f15f0",
                "sha256:7582ad22678f0fcd81102833f60ef8d0e57288b6b5fb00323d101be910e35705"
            ],
            "markers": "python_version >= '2.7' and python_version not in '3.0, 3.1, 3.2, 3.3'",
            "version": "==2.20"
        },
        "resampy": {
            "hashes": [
                "sha256:62af020d8a6674d8117f62320ce9470437bb1d738a5d06cd55591b69b463929e"
            ],
            "version": "==0.2.2"
        },
        "scikit-learn": {
            "hashes": [
                "sha256:04799686060ecbf8992f26a35be1d99e981894c8c7860c1365cda4200f954a16",
                "sha256:058d213092de4384710137af1300ed0ff030b8c40459a6c6f73c31ccd274cc39",
                "sha256:0c3464e46ef8bd4f1bfa5c009648c6449412c8f7e9b3fc0c9e3d800139c48827",
                "sha256:0e7b55f73b35537ecd0d19df29dd39aa9e076dba78f3507b8136c819d84611fd",
                "sha256:16feae4361be6b299d4d08df5a30956b4bfc8eadf173fe9258f6d59630f851d4",
                "sha256:244ca85d6eba17a1e6e8a66ab2f584be6a7784b5f59297e3d7ff8c7983af627c",
                "sha256:3e6e92b495eee193a8fa12a230c9b7976ea0fc1263719338e35c986ea1e42cff",
                "sha256:5bcea4d6ee431c814261117281363208408aa4e665633655895feb059021aca6",
                "sha256:93f56abd316d131645559ec0ab4f45e3391c2ccdd4eadaa4912f4c1e0a6f2c96",
                "sha256:9e04c0811ea92931ee8490d638171b8cb2f21387efcfff526bbc8c2a3da60f1c",
                "sha256:bded94236e16774385202cafd26190ce96db18e4dc21e99473848c61e4fdc400",
                "sha256:c2fa33d20408b513cf432505c80e6eb4bf4d71434f1ae36680765d4a2c2a16ec",
                "sha256:e3fec1c8831f8f93ad85581ca29ca1bb88e2da377fb097cf8322aa89c21bc9b8",
                "sha256:e585682e37f2faa81ad6cd4472fff646bf2fd0542147bec93697a905db8e6bd2",
                "sha256:e9879ba9e64ec3add41bf201e06034162f853652ef4849b361d73b0deb3153ad",
                "sha256:ebe853e6f318f9d8b3b74dd17e553720d35646eff675a69eeaed12fbbbb07daa"
            ],
            "index": "pypi",
            "version": "==0.23.1"
        },
        "scipy": {
            "hashes": [
                "sha256:039572f0ca9578a466683558c5bf1e65d442860ec6e13307d528749cfe6d07b8",
                "sha256:058e84930407927f71963a4ad8c1dc96c4d2d075636a68578195648c81f78810",
                "sha256:06b19a650471781056c1a2172eeeeb777b8b516e9434005dd392a4559e0938b9",
                "sha256:35d042d6499caf1a5d171baed0ebf01eb665b7af2ad98a8ff1b0e6e783654540",
                "sha256:57a0f2be3063dbe1e3daf31ec9005576e8fd1022a28159d0db71d14566899d16",
                "sha256:5e0bb43ff581811ab7f27425f6b96c1ddf7591ccad2e486c9af0b910c18f7185",
                "sha256:71742889393a724dfce755b6b61228677873d269a4234e51ddaf08b998433c91",
                "sha256:7908c85854c5b5b6d3ce7fefafac1ca3e23ff9ac41edabc2d46ae5dc9fa070ac",
                "sha256:81859ed3aad620752dd2c07c32b5d3a80a0d47c5e3813904621954a78a0ae899",
                "sha256:8302d69fb1528ea7c7f2a1ea640d354c981b6eb8192d1c175349874209397604",
                "sha256:9323d268775991b79690f7b9a28a4e8b8c4f2b160ed9f8a90123127314e2d3c1",
                "sha256:b4858ccbd88f4b53950fb9fc0069c1d9fea83d7cff2382e1d8b023d3f4883014",
                "sha256:c05c6fe76228cc13c5214e9faf5f2a871a1da54473bc417ab9da310d0e5fff8b",
                "sha256:c06e731aa46c0dfc563cc636155758178ebc019ef78b9b0f4370effe2ac0f0e6",
                "sha256:eb46d8b5947ca27b0bc972cecfba8130f088a83ab3d08c1a6033d9070b3046b3",
                "sha256:fff15df01bef1243468be60c55178ed7576270b200aab08a7ffd5b8e0bbc340c"
            ],
            "markers": "python_version >= '3.6'",
            "version": "==1.5.1"
        },
        "six": {
            "hashes": [
                "sha256:30639c035cdb23534cd4aa2dd52c3bf48f06e5f4a941509c8bafd8ce11080259",
                "sha256:8b74bedcbbbaca38ff6d7491d76f2b06b3592611af620f8426e82dddb04a5ced"
            ],
            "markers": "python_version >= '2.7' and python_version not in '3.0, 3.1, 3.2, 3.3'",
            "version": "==1.15.0"
        },
        "soundfile": {
            "hashes": [
                "sha256:2d17e0a6fc2af0d6c1d868bafa5ec80aae6e186a97fec8db07ad6af29842fbc7",
                "sha256:4555438c2c4f02b39fea2ed40f6ddeda88a80cd1ee9dd129be4d5f5134698cc2",
                "sha256:490cff42650733d1832728b937fe99fa1802896f5ef4d61bcf78cf7ebecb107b",
                "sha256:5e342ee293b896d31da67617fe65d0bdca217af193991b0cb6052353b1e0e506",
                "sha256:b361d4ac1519a2e516cabafa6bf7e93492f999f35d7d25350cd87fdc3e5cb27e"
            ],
            "version": "==0.10.3.post1"
        },
        "threadpoolctl": {
            "hashes": [
                "sha256:38b74ca20ff3bb42caca8b00055111d74159ee95c4370882bbff2b93d24da725",
                "sha256:ddc57c96a38beb63db45d6c159b5ab07b6bced12c45a1f07b2b92f272aebfa6b"
            ],
            "markers": "python_version >= '3.5'",
            "version": "==2.1.0"
        }
    },
    "develop": {}
}
